
Microsoft Visual Studio Solution File, Format Version 12.00
# Visual Studio Version 17
VisualStudioVersion = 17.1.32210.238
MinimumVisualStudioVersion = 10.0.40219.1
Project("{8BC9CEB8-8B4A-11D0-8D11-00A0C91BC942}") = "GameEngineBase", "GameEngineBase\GameEngineBase.vcxproj", "{786342F3-5491-4A93-803F-DF1706223A9C}"
EndProject
Project("{2150E333-8FDC-42A3-9474-1A3956D46DE8}") = "Level0", "Level0", "{9AE4DAFA-ACE8-40A9-836D-F083A24CA89A}"
EndProject
Project("{2150E333-8FDC-42A3-9474-1A3956D46DE8}") = "Level1", "Level1", "{9CED97EE-A07D-47E7-8FDD-2909DA6BD435}"
EndProject
Project("{2150E333-8FDC-42A3-9474-1A3956D46DE8}") = "Level2", "Level2", "{A39DF40F-3255-4914-B5E8-B804ED673573}"
EndProject
Project("{2150E333-8FDC-42A3-9474-1A3956D46DE8}") = "Level3", "Level3", "{AD1F6F81-70A0-4A48-858B-D133F2C5B0C3}"
EndProject
Project("{8BC9CEB8-8B4A-11D0-8D11-00A0C91BC942}") = "GameEngine", "GameEngine\GameEngine.vcxproj", "{9B64A5BF-F76F-4BFC-96D9-E81E9BAFA706}"
EndProject
Project("{8BC9CEB8-8B4A-11D0-8D11-00A0C91BC942}") = "GameEngineContents", "GameEngineContents\GameEngineContents.vcxproj", "{39867493-9821-4103-A872-2AA830B3E4C9}"
EndProject
Project("{8BC9CEB8-8B4A-11D0-8D11-00A0C91BC942}") = "GameApp", "GameApp\GameApp.vcxproj", "{7E4AEF37-728D-4904-8A56-61FB93199065}"
EndProject
Global
	GlobalSection(SolutionConfigurationPlatforms) = preSolution
		Debug|x64 = Debug|x64
		Debug|x86 = Debug|x86
		Release|x64 = Release|x64
		Release|x86 = Release|x86
	EndGlobalSection
	GlobalSection(ProjectConfigurationPlatforms) = postSolution
		{786342F3-5491-4A93-803F-DF1706223A9C}.Debug|x64.ActiveCfg = Debug|x64
		{786342F3-5491-4A93-803F-DF1706223A9C}.Debug|x64.Build.0 = Debug|x64
		{786342F3-5491-4A93-803F-DF1706223A9C}.Debug|x86.ActiveCfg = Debug|Win32
		{786342F3-5491-4A93-803F-DF1706223A9C}.Debug|x86.Build.0 = Debug|Win32
		{786342F3-5491-4A93-803F-DF1706223A9C}.Release|x64.ActiveCfg = Release|x64
		{786342F3-5491-4A93-803F-DF1706223A9C}.Release|x64.Build.0 = Release|x64
		{786342F3-5491-4A93-803F-DF1706223A9C}.Release|x86.ActiveCfg = Release|Win32
		{786342F3-5491-4A93-803F-DF1706223A9C}.Release|x86.Build.0 = Release|Win32
		{9B64A5BF-F76F-4BFC-96D9-E81E9BAFA706}.Debug|x64.ActiveCfg = Debug|x64
		{9B64A5BF-F76F-4BFC-96D9-E81E9BAFA706}.Debug|x64.Build.0 = Debug|x64
		{9B64A5BF-F76F-4BFC-96D9-E81E9BAFA706}.Debug|x86.ActiveCfg = Debug|Win32
		{9B64A5BF-F76F-4BFC-96D9-E81E9BAFA706}.Debug|x86.Build.0 = Debug|Win32
		{9B64A5BF-F76F-4BFC-96D9-E81E9BAFA706}.Release|x64.ActiveCfg = Release|x64
		{9B64A5BF-F76F-4BFC-96D9-E81E9BAFA706}.Release|x64.Build.0 = Release|x64
		{9B64A5BF-F76F-4BFC-96D9-E81E9BAFA706}.Release|x86.ActiveCfg = Release|Win32
		{9B64A5BF-F76F-4BFC-96D9-E81E9BAFA706}.Release|x86.Build.0 = Release|Win32
		{39867493-9821-4103-A872-2AA830B3E4C9}.Debug|x64.ActiveCfg = Debug|x64
		{39867493-9821-4103-A872-2AA830B3E4C9}.Debug|x64.Build.0 = Debug|x64
		{39867493-9821-4103-A872-2AA830B3E4C9}.Debug|x86.ActiveCfg = Debug|Win32
		{39867493-9821-4103-A872-2AA830B3E4C9}.Debug|x86.Build.0 = Debug|Win32
		{39867493-9821-4103-A872-2AA830B3E4C9}.Release|x64.ActiveCfg = Release|x64
		{39867493-9821-4103-A872-2AA830B3E4C9}.Release|x64.Build.0 = Release|x64
		{39867493-9821-4103-A872-2AA830B3E4C9}.Release|x86.ActiveCfg = Release|Win32
		{39867493-9821-4103-A872-2AA830B3E4C9}.Release|x86.Build.0 = Release|Win32
		{7E4AEF37-728D-4904-8A56-61FB93199065}.Debug|x64.ActiveCfg = Debug|x64
		{7E4AEF37-728D-4904-8A56-61FB93199065}.Debug|x64.Build.0 = Debug|x64
		{7E4AEF37-728D-4904-8A56-61FB93199065}.Debug|x86.ActiveCfg = Debug|Win32
		{7E4AEF37-728D-4904-8A56-61FB93199065}.Debug|x86.Build.0 = Debug|Win32
		{7E4AEF37-728D-4904-8A56-61FB93199065}.Release|x64.ActiveCfg = Release|x64
		{7E4AEF37-728D-4904-8A56-61FB93199065}.Release|x64.Build.0 = Release|x64
		{7E4AEF37-728D-4904-8A56-61FB93199065}.Release|x86.ActiveCfg = Release|Win32
		{7E4AEF37-728D-4904-8A56-61FB93199065}.Release|x86.Build.0 = Release|Win32
	EndGlobalSection
	GlobalSection(SolutionProperties) = preSolution
		HideSolutionNode = FALSE
	EndGlobalSection
	GlobalSection(NestedProjects) = preSolution
		{786342F3-5491-4A93-803F-DF1706223A9C} = {9AE4DAFA-ACE8-40A9-836D-F083A24CA89A}
		{9B64A5BF-F76F-4BFC-96D9-E81E9BAFA706} = {9CED97EE-A07D-47E7-8FDD-2909DA6BD435}
		{39867493-9821-4103-A872-2AA830B3E4C9} = {A39DF40F-3255-4914-B5E8-B804ED673573}
		{7E4AEF37-728D-4904-8A56-61FB93199065} = {AD1F6F81-70A0-4A48-858B-D133F2C5B0C3}
	EndGlobalSection
	GlobalSection(ExtensibilityGlobals) = postSolution
		SolutionGuid = {9529257B-948C-4D10-B7D4-0BFAE3B03898}
	EndGlobalSection
EndGlobal
