<?xml version="1.0" encoding="utf-8"?>
<Project ToolsVersion="4.0" xmlns="http://schemas.microsoft.com/developer/msbuild/2003">
  <ItemGroup>
    <ClInclude Include="PackMan.h" />
    <ClInclude Include="TitleLevel.h">
      <Filter>Levels\00_Title</Filter>
    </ClInclude>
    <ClInclude Include="FirstMazeLevel.h">
      <Filter>Levels\02_FirstMaze</Filter>
    </ClInclude>
    <ClInclude Include="PangManLevel.h">
      <Filter>Levels\01_PangMan</Filter>
    </ClInclude>
    <ClInclude Include="SecondMazeLevel.h">
      <Filter>Levels\03_SecondMaze</Filter>
    </ClInclude>
    <ClInclude Include="ThirdMazeLevel.h">
      <Filter>Levels\04_ThirdMaze</Filter>
    </ClInclude>
    <ClInclude Include="EndingLevel.h">
      <Filter>Levels\05_Ending</Filter>
    </ClInclude>
    <ClInclude Include="Player.h">
      <Filter>Actors\Global</Filter>
    </ClInclude>
    <ClInclude Include="BotUI.h">
      <Filter>Actors\Global</Filter>
    </ClInclude>
  </ItemGroup>
  <ItemGroup>
    <ClCompile Include="PackMan.cpp" />
    <ClCompile Include="TitleLevel.cpp">
      <Filter>Levels\00_Title</Filter>
    </ClCompile>
    <ClCompile Include="FirstMazeLevel.cpp">
      <Filter>Levels\02_FirstMaze</Filter>
    </ClCompile>
    <ClCompile Include="PangManLevel.cpp">
      <Filter>Levels\01_PangMan</Filter>
    </ClCompile>
    <ClCompile Include="SecondMazeLevel.cpp">
      <Filter>Levels\03_SecondMaze</Filter>
    </ClCompile>
    <ClCompile Include="ThirdMazeLevel.cpp">
      <Filter>Levels\04_ThirdMaze</Filter>
    </ClCompile>
    <ClCompile Include="EndingLevel.cpp">
      <Filter>Levels\05_Ending</Filter>
    </ClCompile>
    <ClCompile Include="Player.cpp">
      <Filter>Actors\Global</Filter>
    </ClCompile>
    <ClCompile Include="BotUI.cpp">
      <Filter>Actors\Global</Filter>
    </ClCompile>
  </ItemGroup>
  <ItemGroup>
    <Filter Include="Levels">
      <UniqueIdentifier>{f7cc84e3-e8ea-424c-bafd-303a18592d8e}</UniqueIdentifier>
    </Filter>
    <Filter Include="Levels\00_Title">
      <UniqueIdentifier>{a363e453-6603-4c40-81c9-d1eb2021ab10}</UniqueIdentifier>
    </Filter>
    <Filter Include="Levels\03_SecondMaze">
      <UniqueIdentifier>{9d5abc24-f760-4134-af98-93ace8889b08}</UniqueIdentifier>
    </Filter>
    <Filter Include="Levels\01_PangMan">
      <UniqueIdentifier>{9086b627-f5b0-430f-9e14-09e4f23405a3}</UniqueIdentifier>
    </Filter>
    <Filter Include="Levels\02_FirstMaze">
      <UniqueIdentifier>{123c0719-d809-4074-aa6d-51b4c58ddc8e}</UniqueIdentifier>
    </Filter>
    <Filter Include="Levels\04_ThirdMaze">
      <UniqueIdentifier>{f77d68c7-6ce8-4b80-a164-ac8476ce8ab8}</UniqueIdentifier>
    </Filter>
    <Filter Include="Levels\05_Ending">
      <UniqueIdentifier>{4d1c11e1-f0da-437f-8a66-16de0cbd9363}</UniqueIdentifier>
    </Filter>
    <Filter Include="Actors">
      <UniqueIdentifier>{999608fc-5f3f-4aec-940d-ddcab7235c4d}</UniqueIdentifier>
    </Filter>
    <Filter Include="Actors\00_Title">
      <UniqueIdentifier>{4cc90476-e7ab-4d65-9c0c-804698190ed7}</UniqueIdentifier>
    </Filter>
    <Filter Include="Actors\01_PangMan">
      <UniqueIdentifier>{b7bba8e9-efc9-4a79-9673-6d56e1de57b2}</UniqueIdentifier>
    </Filter>
    <Filter Include="Actors\02_FirstMaze">
      <UniqueIdentifier>{f276d71a-e205-490e-98f2-15729b6e5952}</UniqueIdentifier>
    </Filter>
    <Filter Include="Actors\03_SecondMaze">
      <UniqueIdentifier>{997ed209-0c8e-4ac9-b3ed-31abf6b88565}</UniqueIdentifier>
    </Filter>
    <Filter Include="Actors\04_ThirdMaze">
      <UniqueIdentifier>{8d7245e0-efa6-4a87-8015-2713e441f3ea}</UniqueIdentifier>
    </Filter>
    <Filter Include="Actors\05_Ending">
      <UniqueIdentifier>{c672ab8f-d04b-42a2-8241-ce8841e82339}</UniqueIdentifier>
    </Filter>
    <Filter Include="Actors\Global">
      <UniqueIdentifier>{2a00233d-8163-4915-963a-2df3bb26e0c2}</UniqueIdentifier>
    </Filter>
  </ItemGroup>
</Project>