<?xml version="1.0" encoding="utf-8"?>
<Project ToolsVersion="4.0" xmlns="http://schemas.microsoft.com/developer/msbuild/2003">
  <ItemGroup>
    <ClInclude Include="GameEngine.h" />
    <ClInclude Include="GameEngineLevel.h">
      <Filter>Object</Filter>
    </ClInclude>
    <ClInclude Include="GameEngineImage.h">
      <Filter>Resource</Filter>
    </ClInclude>
    <ClInclude Include="GameEngineImageManager.h">
      <Filter>Resource\Manager</Filter>
    </ClInclude>
    <ClInclude Include="GameEngineActor.h">
      <Filter>Object\Actor</Filter>
    </ClInclude>
    <ClInclude Include="GameEngineEnum.h">
      <Filter>Global</Filter>
    </ClInclude>
    <ClInclude Include="GameEngineActorSubObject.h">
      <Filter>Object\Actor\SubObject</Filter>
    </ClInclude>
    <ClInclude Include="GameEngineRenderer.h">
      <Filter>Object\Actor\SubObject</Filter>
    </ClInclude>
    <ClInclude Include="GameEngineCollision.h">
      <Filter>Object\Actor\SubObject</Filter>
    </ClInclude>
  </ItemGroup>
  <ItemGroup>
    <ClCompile Include="GameEngine.cpp" />
    <ClCompile Include="GameEngineLevel.cpp">
      <Filter>Object</Filter>
    </ClCompile>
    <ClCompile Include="GameEngineImage.cpp">
      <Filter>Resource</Filter>
    </ClCompile>
    <ClCompile Include="GameEngineImageManager.cpp">
      <Filter>Resource\Manager</Filter>
    </ClCompile>
    <ClCompile Include="GameEngineActor.cpp">
      <Filter>Object\Actor</Filter>
    </ClCompile>
    <ClCompile Include="GameEngineActorSubObject.cpp">
      <Filter>Object\Actor\SubObject</Filter>
    </ClCompile>
    <ClCompile Include="GameEngineRenderer.cpp">
      <Filter>Object\Actor\SubObject</Filter>
    </ClCompile>
    <ClCompile Include="GameEngineCollision.cpp">
      <Filter>Object\Actor\SubObject</Filter>
    </ClCompile>
  </ItemGroup>
  <ItemGroup>
    <Filter Include="Object">
      <UniqueIdentifier>{d01db9d8-3f38-42a7-bc90-26c057ee1f06}</UniqueIdentifier>
    </Filter>
    <Filter Include="Resource">
      <UniqueIdentifier>{7af4d46c-2a21-450e-846b-f0ef2bd10d3f}</UniqueIdentifier>
    </Filter>
    <Filter Include="Resource\Manager">
      <UniqueIdentifier>{7656eb41-e8ea-4572-af7b-5d07e331edfa}</UniqueIdentifier>
    </Filter>
    <Filter Include="Object\Actor">
      <UniqueIdentifier>{c1f96da2-d316-4203-a767-d41753cd698b}</UniqueIdentifier>
    </Filter>
    <Filter Include="Global">
      <UniqueIdentifier>{b1bd006a-17e4-4153-9331-ff727e9352dd}</UniqueIdentifier>
    </Filter>
    <Filter Include="Object\Actor\SubObject">
      <UniqueIdentifier>{525c2663-4231-4bc5-8991-5bb298c60b7e}</UniqueIdentifier>
    </Filter>
  </ItemGroup>
</Project>